// !$*UTF8*$!
{
	archiveVersion = 1;
	classes = {
	};
	objectVersion = 46;
	objects = {

/* Begin PBXBuildFile section */
		418F6B6814DE359A005FC310 /* UIKit.framework in Frameworks */ = {isa = PBXBuildFile; fileRef = 418F6B6714DE359A005FC310 /* UIKit.framework */; };
		418F6B6A14DE359A005FC310 /* Foundation.framework in Frameworks */ = {isa = PBXBuildFile; fileRef = 418F6B6914DE359A005FC310 /* Foundation.framework */; };
		418F6B6C14DE359A005FC310 /* CoreGraphics.framework in Frameworks */ = {isa = PBXBuildFile; fileRef = 418F6B6B14DE359A005FC310 /* CoreGraphics.framework */; };
		418F6B7214DE359A005FC310 /* InfoPlist.strings in Resources */ = {isa = PBXBuildFile; fileRef = 418F6B7014DE359A005FC310 /* InfoPlist.strings */; };
		418F6B7414DE359A005FC310 /* main.m in Sources */ = {isa = PBXBuildFile; fileRef = 418F6B7314DE359A005FC310 /* main.m */; };
		418F6B7814DE359A005FC310 /* AppDelegate.m in Sources */ = {isa = PBXBuildFile; fileRef = 418F6B7714DE359A005FC310 /* AppDelegate.m */; };
		418F6B7B14DE359A005FC310 /* MainStoryboard.storyboard in Resources */ = {isa = PBXBuildFile; fileRef = 418F6B7914DE359A005FC310 /* MainStoryboard.storyboard */; };
		418F6B7E14DE359A005FC310 /* ViewController.m in Sources */ = {isa = PBXBuildFile; fileRef = 418F6B7D14DE359A005FC310 /* ViewController.m */; };
/* End PBXBuildFile section */

/* Begin PBXFileReference section */
		418F6B6314DE359A005FC310 /* slideView.app */ = {isa = PBXFileReference; explicitFileType = wrapper.application; includeInIndex = 0; path = slideView.app; sourceTree = BUILT_PRODUCTS_DIR; };
		418F6B6714DE359A005FC310 /* UIKit.framework */ = {isa = PBXFileReference; lastKnownFileType = wrapper.framework; name = UIKit.framework; path = System/Library/Frameworks/UIKit.framework; sourceTree = SDKROOT; };
		418F6B6914DE359A005FC310 /* Foundation.framework */ = {isa = PBXFileReference; lastKnownFileType = wrapper.framework; name = Foundation.framework; path = System/Library/Frameworks/Foundation.framework; sourceTree = SDKROOT; };
		418F6B6B14DE359A005FC310 /* CoreGraphics.framework */ = {isa = PBXFileReference; lastKnownFileType = wrapper.framework; name = CoreGraphics.framework; path = System/Library/Frameworks/CoreGraphics.framework; sourceTree = SDKROOT; };
		418F6B6F14DE359A005FC310 /* slideView-Info.plist */ = {isa = PBXFileReference; path = "slideView-Info.plist"; sourceTree = "<group>"; };
		418F6B7114DE359A005FC310 /* en */ = {isa = PBXFileReference; lastKnownFileType = text.plist.strings; name = en; path = en.lproj/InfoPlist.strings; sourceTree = "<group>"; };
		418F6B7314DE359A005FC310 /* main.m */ = {isa = PBXFileReference; lastKnownFileType = sourcecode.c.objc; path = main.m; sourceTree = "<group>"; };
		418F6B7514DE359A005FC310 /* slideView-Prefix.pch */ = {isa = PBXFileReference; path = "slideView-Prefix.pch"; sourceTree = "<group>"; };
		418F6B7614DE359A005FC310 /* AppDelegate.h */ = {isa = PBXFileReference; path = AppDelegate.h; sourceTree = "<group>"; };
		418F6B7714DE359A005FC310 /* AppDelegate.m */ = {isa = PBXFileReference; lastKnownFileType = sourcecode.c.objc; path = AppDelegate.m; sourceTree = "<group>"; };
		418F6B7A14DE359A005FC310 /* en */ = {isa = PBXFileReference; lastKnownFileType = file.storyboard; name = en; path = en.lproj/MainStoryboard.storyboard; sourceTree = "<group>"; };
		418F6B7C14DE359A005FC310 /* ViewController.h */ = {isa = PBXFileReference; path = ViewController.h; sourceTree = "<group>"; };
		418F6B7D14DE359A005FC310 /* ViewController.m */ = {isa = PBXFileReference; lastKnownFileType = sourcecode.c.objc; path = ViewController.m; sourceTree = "<group>"; };
/* End PBXFileReference section */

/* Begin PBXFrameworksBuildPhase section */
		418F6B6014DE359A005FC310 /* Frameworks */ = {
			isa = PBXFrameworksBuildPhase;
			buildActionMask = 2147483647;
			files = (
				418F6B6814DE359A005FC310 /* UIKit.framework in Frameworks */,
				418F6B6A14DE359A005FC310 /* Foundation.framework in Frameworks */,
				418F6B6C14DE359A005FC310 /* CoreGraphics.framework in Frameworks */,
			);
			runOnlyForDeploymentPostprocessing = 0;
		};
/* End PBXFrameworksBuildPhase section */

/* Begin PBXGroup section */
		418F6B5814DE359A005FC310 = {
			isa = PBXGroup;
			children = (
				418F6B6D14DE359A005FC310 /* slideView */,
				418F6B6614DE359A005FC310 /* Frameworks */,
				418F6B6414DE359A005FC310 /* Products */,
			);
			sourceTree = "<group>";
		};
		418F6B6414DE359A005FC310 /* Products */ = {
			isa = PBXGroup;
			children = (
				418F6B6314DE359A005FC310 /* slideView.app */,
			);
			name = Products;
			sourceTree = "<group>";
		};
		418F6B6614DE359A005FC310 /* Frameworks */ = {
			isa = PBXGroup;
			children = (
				418F6B6714DE359A005FC310 /* UIKit.framework */,
				418F6B6914DE359A005FC310 /* Foundation.framework */,
				418F6B6B14DE359A005FC310 /* CoreGraphics.framework */,
			);
			name = Frameworks;
			sourceTree = "<group>";
		};
		418F6B6D14DE359A005FC310 /* slideView */ = {
			isa = PBXGroup;
			children = (
				418F6B7614DE359A005FC310 /* AppDelegate.h */,
				418F6B7714DE359A005FC310 /* AppDelegate.m */,
				418F6B7914DE359A005FC310 /* MainStoryboard.storyboard */,
				418F6B7C14DE359A005FC310 /* ViewController.h */,
				418F6B7D14DE359A005FC310 /* ViewController.m */,
				418F6B6E14DE359A005FC310 /* Supporting Files */,
			);
			path = slideView;
			sourceTree = "<group>";
		};
		418F6B6E14DE359A005FC310 /* Supporting Files */ = {
			isa = PBXGroup;
			children = (
				418F6B6F14DE359A005FC310 /* slideView-Info.plist */,
				418F6B7014DE359A005FC310 /* InfoPlist.strings */,
				418F6B7314DE359A005FC310 /* main.m */,
				418F6B7514DE359A005FC310 /* slideView-Prefix.pch */,
			);
			name = "Supporting Files";
			sourceTree = "<group>";
		};
/* End PBXGroup section */

/* Begin PBXNativeTarget section */
		418F6B6214DE359A005FC310 /* slideView */ = {
			isa = PBXNativeTarget;
			buildConfigurationList = 418F6B8114DE359A005FC310 /* Build configuration list for PBXNativeTarget "slideView" */;
			buildPhases = (
				418F6B5F14DE359A005FC310 /* Sources */,
				418F6B6014DE359A005FC310 /* Frameworks */,
				418F6B6114DE359A005FC310 /* Resources */,
			);
			buildRules = (
			);
			dependencies = (
			);
			name = slideView;
			productName = slideView;
			productReference = 418F6B6314DE359A005FC310 /* slideView.app */;
			productType = "com.apple.product-type.application";
		};
/* End PBXNativeTarget section */

/* Begin PBXProject section */
		418F6B5A14DE359A005FC310 /* Project object */ = {
			isa = PBXProject;
			attributes = {
				LastUpgradeCheck = 0420;
				ORGANIZATIONNAME = none;
			};
			buildConfigurationList = 418F6B5D14DE359A005FC310 /* Build configuration list for PBXProject "slideView" */;
			compatibilityVersion = "Xcode 3.2";
			developmentRegion = English;
			hasScannedForEncodings = 0;
			knownRegions = (
				en,
			);
			mainGroup = 418F6B5814DE359A005FC310;
			productRefGroup = 418F6B6414DE359A005FC310 /* Products */;
			projectDirPath = "";
			projectRoot = "";
			targets = (
				418F6B6214DE359A005FC310 /* slideView */,
			);
		};
/* End PBXProject section */

/* Begin PBXResourcesBuildPhase section */
		418F6B6114DE359A005FC310 /* Resources */ = {
			isa = PBXResourcesBuildPhase;
			buildActionMask = 2147483647;
			files = (
				418F6B7214DE359A005FC310 /* InfoPlist.strings in Resources */,
				418F6B7B14DE359A005FC310 /* MainStoryboard.storyboard in Resources */,
			);
			runOnlyForDeploymentPostprocessing = 0;
		};
/* End PBXResourcesBuildPhase section */

/* Begin PBXSourcesBuildPhase section */
		418F6B5F14DE359A005FC310 /* Sources */ = {
			isa = PBXSourcesBuildPhase;
			buildActionMask = 2147483647;
			files = (
				418F6B7414DE359A005FC310 /* main.m in Sources */,
				418F6B7814DE359A005FC310 /* AppDelegate.m in Sources */,
				418F6B7E14DE359A005FC310 /* ViewController.m in Sources */,
			);
			runOnlyForDeploymentPostprocessing = 0;
		};
/* End PBXSourcesBuildPhase section */

/* Begin PBXVariantGroup section */
		418F6B7014DE359A005FC310 /* InfoPlist.strings */ = {
			isa = PBXVariantGroup;
			children = (
				418F6B7114DE359A005FC310 /* en */,
			);
			name = InfoPlist.strings;
			sourceTree = "<group>";
		};
		418F6B7914DE359A005FC310 /* MainStoryboard.storyboard */ = {
			isa = PBXVariantGroup;
			children = (
				418F6B7A14DE359A005FC310 /* en */,
			);
			name = MainStoryboard.storyboard;
			sourceTree = "<group>";
		};
/* End PBXVariantGroup section */

/* Begin XCBuildConfiguration section */
		418F6B7F14DE359A005FC310 /* Debug */ = {
			isa = XCBuildConfiguration;
			buildSettings = {
				ALWAYS_SEARCH_USER_PATHS = NO;
				ARCHS = "$(ARCHS_STANDARD_32_BIT)";
				CLANG_ENABLE_OBJC_ARC = YES;
				"CODE_SIGN_IDENTITY[sdk=iphoneos*]" = "iPhone Developer";
				COPY_PHASE_STRIP = NO;
				GCC_C_LANGUAGE_STANDARD = gnu99;
				GCC_DYNAMIC_NO_PIC = NO;
				GCC_OPTIMIZATION_LEVEL = 0;
				GCC_PREPROCESSOR_DEFINITIONS = (
					"DEBUG=1",
					"$(inherited)",
				);
				GCC_SYMBOLS_PRIVATE_EXTERN = NO;
				GCC_VERSION = com.apple.compilers.llvm.clang.1_0;
				GCC_WARN_ABOUT_MISSING_PROTOTYPES = YES;
				GCC_WARN_ABOUT_RETURN_TYPE = YES;
				GCC_WARN_UNUSED_VARIABLE = YES;
				IPHONEOS_DEPLOYMENT_TARGET = 5.0;
				SDKROOT = iphoneos;
			};
			name = Debug;
		};
		418F6B8014DE359A005FC310 /* Release */ = {
			isa = XCBuildConfiguration;
			buildSettings = {
				ALWAYS_SEARCH_USER_PATHS = NO;
				ARCHS = "$(ARCHS_STANDARD_32_BIT)";
				CLANG_ENABLE_OBJC_ARC = YES;
				"CODE_SIGN_IDENTITY[sdk=iphoneos*]" = "iPhone Developer";
				COPY_PHASE_STRIP = YES;
				GCC_C_LANGUAGE_STANDARD = gnu99;
				GCC_VERSION = com.apple.compilers.llvm.clang.1_0;
				GCC_WARN_ABOUT_MISSING_PROTOTYPES = YES;
				GCC_WARN_ABOUT_RETURN_TYPE = YES;
				GCC_WARN_UNUSED_VARIABLE = YES;
				IPHONEOS_DEPLOYMENT_TARGET = 5.0;
				OTHER_CFLAGS = "-DNS_BLOCK_ASSERTIONS=1";
				SDKROOT = iphoneos;
				VALIDATE_PRODUCT = YES;
			};
			name = Release;
		};
		418F6B8214DE359A005FC310 /* Debug */ = {
			isa = XCBuildConfiguration;
			buildSettings = {
				GCC_PRECOMPILE_PREFIX_HEADER = YES;
				GCC_PREFIX_HEADER = "slideView/slideView-Prefix.pch";
				INFOPLIST_FILE = "slideView/slideView-Info.plist";
				PRODUCT_NAME = "$(TARGET_NAME)";
				WRAPPER_EXTENSION = app;
			};
			name = Debug;
		};
		418F6B8314DE359A005FC310 /* Release */ = {
			isa = XCBuildConfiguration;
			buildSettings = {
				GCC_PRECOMPILE_PREFIX_HEADER = YES;
				GCC_PREFIX_HEADER = "slideView/slideView-Prefix.pch";
				INFOPLIST_FILE = "slideView/slideView-Info.plist";
				PRODUCT_NAME = "$(TARGET_NAME)";
				WRAPPER_EXTENSION = app;
			};
			name = Release;
		};
/* End XCBuildConfiguration section */

/* Begin XCConfigurationList section */
		418F6B5D14DE359A005FC310 /* Build configuration list for PBXProject "slideView" */ = {
			isa = XCConfigurationList;
			buildConfigurations = (
				418F6B7F14DE359A005FC310 /* Debug */,
				418F6B8014DE359A005FC310 /* Release */,
			);
			defaultConfigurationIsVisible = 0;
			defaultConfigurationName = Release;
		};
		418F6B8114DE359A005FC310 /* Build configuration list for PBXNativeTarget "slideView" */ = {
			isa = XCConfigurationList;
			buildConfigurations = (
				418F6B8214DE359A005FC310 /* Debug */,
				418F6B8314DE359A005FC310 /* Release */,
			);
			defaultConfigurationIsVisible = 0;
		};
/* End XCConfigurationList section */
	};
	rootObject = 418F6B5A14DE359A005FC310 /* Project object */;
}
